<Solution>
  <Folder Name="/Solution Items/">
    <File Path=".gitignore" />
    <File Path="06_SP_IMPORTACAO_CRIAR.sql" />
    <File Path="07_SP_IMPORTACAO_INICIAR_PROCESSAMENTO.sql" />
    <File Path="08_SP_IMPORTACAO_CONCLUIR.sql" />
    <File Path="09_SP_IMPORTACAO_REGISTRAR_ERRO.sql" />
    <File Path="10_Add_Hash_Importacao.sql" />
    <File Path="11_Alter_SP_IMPORTACAO_CRIAR_Hash.sql" />
    <File Path="Database/Scripts/01_Create_Movimento.sql" />
    <File Path="Database/Scripts/02_SP_MOVIMENTO_INSERIR.sql" />
    <File Path="Database/Scripts/03_SP_MOVIMENTO_LISTAR.sql" />
    <File Path="Database/Scripts/04_SP_MOVIMENTO_BUSCAR_POR_ID.sql" />
    <File Path="Database/Scripts/05_Create_Importacao.sql" />
  </Folder>
  <Project Path="LegacyBankDataCore.Tests/LegacyBankDataCore.Tests.csproj" Id="3c3b3736-bf26-45ff-8842-0c1f39131e8a" />
  <Project Path="LegacyBankDataCore.Web/LegacyBankDataCore.Web.csproj" Id="0a72437f-41cd-436d-bf65-f92eb731c7d3" />
</Solution>
